
Microsoft Visual Studio Solution File, Format Version 12.00
# Visual Studio Version 17
VisualStudioVersion = 17.9.34701.34
MinimumVisualStudioVersion = 10.0.40219.1
Project("{FAE04EC0-301F-11D3-BF4B-00C04F79EFBC}") = "apiLayer", "apiLayer\apiLayer.csproj", "{5A61765C-A14F-4BD1-9B51-CAAE010638DD}"
EndProject
Project("{FAE04EC0-301F-11D3-BF4B-00C04F79EFBC}") = "coreLayer", "coreLayer\coreLayer.csproj", "{AB8E945C-F1BC-4C0B-892F-1CD2F7FB864D}"
EndProject
Project("{FAE04EC0-301F-11D3-BF4B-00C04F79EFBC}") = "DaoLayer", "DaoLayer\DaoLayer.csproj", "{7CE51ACD-A3B3-4E96-8E6A-3837FA28FD40}"
EndProject
Global
	GlobalSection(SolutionConfigurationPlatforms) = preSolution
		Debug|Any CPU = Debug|Any CPU
		Release|Any CPU = Release|Any CPU
	EndGlobalSection
	GlobalSection(ProjectConfigurationPlatforms) = postSolution
		{5A61765C-A14F-4BD1-9B51-CAAE010638DD}.Debug|Any CPU.ActiveCfg = Debug|Any CPU
		{5A61765C-A14F-4BD1-9B51-CAAE010638DD}.Debug|Any CPU.Build.0 = Debug|Any CPU
		{5A61765C-A14F-4BD1-9B51-CAAE010638DD}.Release|Any CPU.ActiveCfg = Release|Any CPU
		{5A61765C-A14F-4BD1-9B51-CAAE010638DD}.Release|Any CPU.Build.0 = Release|Any CPU
		{AB8E945C-F1BC-4C0B-892F-1CD2F7FB864D}.Debug|Any CPU.ActiveCfg = Debug|Any CPU
		{AB8E945C-F1BC-4C0B-892F-1CD2F7FB864D}.Debug|Any CPU.Build.0 = Debug|Any CPU
		{AB8E945C-F1BC-4C0B-892F-1CD2F7FB864D}.Release|Any CPU.ActiveCfg = Release|Any CPU
		{AB8E945C-F1BC-4C0B-892F-1CD2F7FB864D}.Release|Any CPU.Build.0 = Release|Any CPU
		{7CE51ACD-A3B3-4E96-8E6A-3837FA28FD40}.Debug|Any CPU.ActiveCfg = Debug|Any CPU
		{7CE51ACD-A3B3-4E96-8E6A-3837FA28FD40}.Debug|Any CPU.Build.0 = Debug|Any CPU
		{7CE51ACD-A3B3-4E96-8E6A-3837FA28FD40}.Release|Any CPU.ActiveCfg = Release|Any CPU
		{7CE51ACD-A3B3-4E96-8E6A-3837FA28FD40}.Release|Any CPU.Build.0 = Release|Any CPU
	EndGlobalSection
	GlobalSection(SolutionProperties) = preSolution
		HideSolutionNode = FALSE
	EndGlobalSection
	GlobalSection(ExtensibilityGlobals) = postSolution
		SolutionGuid = {74873BB9-140E-495B-AC49-B11733A231B9}
	EndGlobalSection
EndGlobal
